lockfileVersion: '9.0'

settings:
  autoInstallPeers: true
  excludeLinksFromLockfile: false

importers:

  .:
    dependencies:
      '@clack/core':
        specifier: ^1.4.3
        version: 1.4.3
      '@clack/prompts':
        specifier: ^1.7.0
        version: 1.7.0
      '@ff-labs/fff-node':
        specifier: ^0.10.1
        version: 0.10.1
      picocolors:
        specifier: ^1.1.1
        version: 1.1.1
    devDependencies:
      '@types/node':
        specifier: ^26.1.2
        version: 26.1.2
      typescript:
        specifier: ^7.0.2
        version: 7.0.2

packages:

  '@clack/core@1.4.3':
    resolution: {integrity: sha512-/kr3UWNtdJfxZtPgDqUOmG2pvwlmcLGheex5yiZKdwbzZJxhV+HMNR9QNmyY5cGwTNV6LrR7Jtp+KjhUAP1qBQ==}
    engines: {node: '>= 20.12.0'}

  '@clack/prompts@1.7.0':
    resolution: {integrity: sha512-y7/yvZ2TPAnR9+jnc00klvNNLkJiXFFrQA/hlLCcxA9a2A4zQIOimyFQ9XfwYKiGD1fb5GY8vbKIIgO8d5Tb2A==}
    engines: {node: '>= 20.12.0'}

  '@ff-labs/fff-bin-android-arm64@0.10.1':
    resolution: {integrity: sha512-6Bsaa6yKEd2HV1M2WtqSYhoZucKYffIUms6GYoPN48QHP8hZgO8GXJ85/JDxKlkCJsN2hw1ROiwQK0+xUHYhFQ==}
    cpu: [arm64]
    os: [android]

  '@ff-labs/fff-bin-darwin-arm64@0.10.1':
    resolution: {integrity: sha512-7yUP+56sG3UTrLg7eepOD16yM2dgiD7g6Ase2XWQB7oXwLV7mBMylPKIli2pP3kHzfw9K+BS3WAwHKHJ2QhxYw==}
    cpu: [arm64]
    os: [darwin]

  '@ff-labs/fff-bin-darwin-x64@0.10.1':
    resolution: {integrity: sha512-9zb+P1xtyqu/jVklm5RKF2zm9doRRsBNbkF/a8S4aSqSJoNlQR8ZF7C129fzOLfffVAjjgcO2l8oJgxOzHYiwQ==}
    cpu: [x64]
    os: [darwin]

  '@ff-labs/fff-bin-linux-arm64-gnu@0.10.1':
    resolution: {integrity: sha512-KTwr9CUfCJv0vtG2xG+nMxDae/2NJY2/oVmtgSvTnH9baI6JprqsFGphbukx7mdW/QMPwBiYtoO8ZGoC7i92jA==}
    cpu: [arm64]
    os: [linux]
    libc: [glibc]

  '@ff-labs/fff-bin-linux-arm64-musl@0.10.1':
    resolution: {integrity: sha512-oznmSpV+zjiAPiwqbA4y+SAsMaYvDhGllHiT9L4ebdQnSOfcQzlUwvo45OhBPwHBt47tIois4bkF/MITlDk54A==}
    cpu: [arm64]
    os: [linux]
    libc: [musl]

  '@ff-labs/fff-bin-linux-x64-gnu@0.10.1':
    resolution: {integrity: sha512-KDpl8lwSEOauP/6FSJIvnARzE+ILm2rVIRQAio9dc5nn56EvlsryBWry0c5V0Tbw1PV0lNrZ+bzcIiPuTacvzw==}
    cpu: [x64]
    os: [linux]
    libc: [glibc]

  '@ff-labs/fff-bin-linux-x64-musl@0.10.1':
    resolution: {integrity: sha512-mZCpojVtGNDr/wdCUEAHdfrl6qORvKHv3Pw35TaOdshnG4wocoA5bBKTGj/zmAU11o0GMK4V+wUhdNrgqoE10w==}
    cpu: [x64]
    os: [linux]
    libc: [musl]

  '@ff-labs/fff-bin-win32-arm64@0.10.1':
    resolution: {integrity: sha512-SbT76ETXC5AgV9J8sVDozKG8wzrrxsOn8lbBprlOtx+O5V5EYmS1W7BlsatTHy6ddQ3uU5oOYO04PWZBuP6wXg==}
    cpu: [arm64]
    os: [win32]

  '@ff-labs/fff-bin-win32-x64@0.10.1':
    resolution: {integrity: sha512-dcpHUCBEZoXKQCdKa3bADfgcNyeyfM8tatXrILqIFYi9GL8E4GnzKx1rGkgP5ukVtuj0WuoJyyqSvGjpJPIT8w==}
    cpu: [x64]
    os: [win32]

  '@ff-labs/fff-node@0.10.1':
    resolution: {integrity: sha512-I2TIWHkey4wpLCncUQymBz/yWrjp/TE91yjrPvSLaPMUMRf3wXwEmelGNnZ5ynxy3cUauYg5b5hsUwhOK4skfA==}
    engines: {node: '>=18.0.0'}
    cpu: [x64, arm64]
    os: [darwin, linux, win32, android]

  '@types/node@26.1.2':
    resolution: {integrity: sha512-Vu4a5UFA9rIIFJ7rB/Vaafh9lrCQszopTCx6KjFboXTGQbPNasehVR5TEiithSDGyd1DEiUByggTZsg8jukeIg==}

  '@typescript/typescript-aix-ppc64@7.0.2':
    resolution: {integrity: sha512-MTKKkWB7p/0E9xi1d1tHtZ5PiLkGEMIq88pK2CubZjOsLtYTLqhgIgi6zepFa+9GHZ6h05NMCkQxGKiPXMxXtQ==}
    engines: {node: '>=16.20.0'}
    cpu: [ppc64]
    os: [aix]

  '@typescript/typescript-darwin-arm64@7.0.2':
    resolution: {integrity: sha512-gowzar9MwS/aRWp6f3a4KUqzRjAZjOsmGNCM6LcTgXum+dBfgsBVMN+AgvOCCbguXyick6LJhpBszxMebJ8syA==}
    engines: {node: '>=16.20.0'}
    cpu: [arm64]
    os: [darwin]

  '@typescript/typescript-darwin-x64@7.0.2':
    resolution: {integrity: sha512-SZ9xZInqApNlNGc9s0W1VSsktYSOe9cFqNOIqmN1Gs8SmkjKZYFt017G4VwPxASInODuAdbTW7sXiFUf893RgA==}
    engines: {node: '>=16.20.0'}
    cpu: [x64]
    os: [darwin]

  '@typescript/typescript-freebsd-arm64@7.0.2':
    resolution: {integrity: sha512-W5NH4y/J0plIIS5b2xvTEkU7JFxyqdMAOgf+Ilhl0vHQXKO5dZoxd+C/jEtq56c4F3wk71RB4BMRQ2XdI+bwYQ==}
    engines: {node: '>=16.20.0'}
    cpu: [arm64]
    os: [freebsd]

  '@typescript/typescript-freebsd-x64@7.0.2':
    resolution: {integrity: sha512-UMGDx5sTpzNw3WiPebH7l90IWfJggEd+egHt/q6p7/Cm3zqoV7VxkGXt+3DxPIw8CcmvAB0j3sVVfbhX+M4Tpw==}
    engines: {node: '>=16.20.0'}
    cpu: [x64]
    os: [freebsd]

  '@typescript/typescript-linux-arm64@7.0.2':
    resolution: {integrity: sha512-Qh4eU4/y3yDjnfjjyPYihMj5/ODIlmt+Bzu17OI+fiSRDW57QmU5SiN63exPRNJPKUzcc1INa1NXdrJ+MqHjUQ==}
    engines: {node: '>=16.20.0'}
    cpu: [arm64]
    os: [linux]

  '@typescript/typescript-linux-arm@7.0.2':
    resolution: {integrity: sha512-gffT3xPz9sR7j/YJExkyPntrI0P2EP9XbOyWzth2/Gs0RstK+90RBcO0ncXoXy/beYll1SXw846Nf2zdnEz0QQ==}
    engines: {node: '>=16.20.0'}
    cpu: [arm]
    os: [linux]

  '@typescript/typescript-linux-loong64@7.0.2':
    resolution: {integrity: sha512-uEHck9i8hoAzXPiYRib1O7miOnz23SxIeVl6F4LXox+qov1K35jHcEW6VHKvZI+pyvl7fZEP4MCU5LYvIq1GuQ==}
    engines: {node: '>=16.20.0'}
    cpu: [loong64]
    os: [linux]

  '@typescript/typescript-linux-mips64el@7.0.2':
    resolution: {integrity: sha512-R4KvAMnE43W5Qeqb0Ly56O3mWMWIAgsMyz36DCaycd5nbg/9kzm0liw3JocfRqyJY0KPmzFjbswozXyW0DnIYA==}
    engines: {node: '>=16.20.0'}
    cpu: [mips64el]
    os: [linux]

  '@typescript/typescript-linux-ppc64@7.0.2':
    resolution: {integrity: sha512-DORx5b3sd/4S7eayxm4FQv+A7CrkUIGRaHiwI8oiHTAI1fAPWhF4J0vAlkC8biAlHSVVwxMQ3tjZ2/DVbnQiiA==}
    engines: {node: '>=16.20.0'}
    cpu: [ppc64]
    os: [linux]

  '@typescript/typescript-linux-riscv64@7.0.2':
    resolution: {integrity: sha512-wf0jqEDOjrPRnKwYRyyJDRo11KMbvMFrU+q4zqKyChODBzvlkbhNQfKvLxQCcwTpdDaXSHZTVuh0JoCrKCUMHQ==}
    engines: {node: '>=16.20.0'}
    cpu: [riscv64]
    os: [linux]

  '@typescript/typescript-linux-s390x@7.0.2':
    resolution: {integrity: sha512-IkwJc3L7yhytWd/ewjyxNDfOmswCm9GWMJT/ue/dU4aZNbwZeYAetq42VyLmsmSjvoX7z74X6ZaYCtzAr0EuGw==}
    engines: {node: '>=16.20.0'}
    cpu: [s390x]
    os: [linux]

  '@typescript/typescript-linux-x64@7.0.2':
    resolution: {integrity: sha512-EYdf2cNg7rgCWJnxCdJ+F3V39O8ihb37eHAu1LK8oAFizgTQbPOK7zHHXbPt8rX24COqODXeI3sIf0fCXG7H/A==}
    engines: {node: '>=16.20.0'}
    cpu: [x64]
    os: [linux]

  '@typescript/typescript-netbsd-arm64@7.0.2':
    resolution: {integrity: sha512-+polYF4MF04aPpO5FTkHran9yUQDSXqy5GiSDKpsll5jy3l3+g9QLhpf39T+ePtefhXLOGrLl0QIjkQP6VnelA==}
    engines: {node: '>=16.20.0'}
    cpu: [arm64]
    os: [netbsd]

  '@typescript/typescript-netbsd-x64@7.0.2':
    resolution: {integrity: sha512-8YIT0EHM/3dq10ZOVF/A7pc/YSMtbcecct4rWtexrnSCHOPcpC2KTLXfTCR6vDpnSiY12heNb1GiN/wu+T/FyA==}
    engines: {node: '>=16.20.0'}
    cpu: [x64]
    os: [netbsd]

  '@typescript/typescript-openbsd-arm64@7.0.2':
    resolution: {integrity: sha512-APT8+ClYnuYm1u9+kgGXoMj2VzWzcymwh2gNSQVySHfkRDGOTVkoWLjCmOQSaO+PoqQ57B0flRp9SA+7GnnkzQ==}
    engines: {node: '>=16.20.0'}
    cpu: [arm64]
    os: [openbsd]

  '@typescript/typescript-openbsd-x64@7.0.2':
    resolution: {integrity: sha512-yX7s+Q0Dln0Dt9tEzZsAjXXR/+ytBM7AlglaqyeMPxQszJ1JhlJdZ6jLA+IzldHtflX81em7lDao1xXu+aRRkg==}
    engines: {node: '>=16.20.0'}
    cpu: [x64]
    os: [openbsd]

  '@typescript/typescript-sunos-x64@7.0.2':
    resolution: {integrity: sha512-dLJDGaLZ1D4HPQn62u1n8mBDkJREwMsAkCdkwd4Ieqw+x3TUyTsqY0YiBCtE6H6OzzgGk3iuZ3vFWRS+E8/d1g==}
    engines: {node: '>=16.20.0'}
    cpu: [x64]
    os: [sunos]

  '@typescript/typescript-win32-arm64@7.0.2':
    resolution: {integrity: sha512-Gyl1Vy6OsWesLzmq+EP0Fb7b4Nid5232AvcA2SFcdYreldpNtYFFofPjnt62y9hQy7VTaZp65ICJjuAQRaVcIQ==}
    engines: {node: '>=16.20.0'}
    cpu: [arm64]
    os: [win32]

  '@typescript/typescript-win32-x64@7.0.2':
    resolution: {integrity: sha512-0BQ3HkAHHlKLSp1qRvf3SUhGpGsDuhB/jgFw75guyqbxJqEaS0Cw/VFO8i2nHglJUzQCRtMMR/IBAKE3ETMC4g==}
    engines: {node: '>=16.20.0'}
    cpu: [x64]
    os: [win32]

  '@yuuang/ffi-rs-android-arm64@1.3.4':
    resolution: {integrity: sha512-2ywkkOk1j1lbcYyaH9KeyR7i2Qtq4gDfnkmhF5vlRGnwve1j5RWH2ZlF3990raEx6OLophke/JXfUGQL9Dy0ig==}
    engines: {node: '>= 12'}
    cpu: [arm64]
    os: [android]

  '@yuuang/ffi-rs-darwin-arm64@1.3.4':
    resolution: {integrity: sha512-FEogaqNfk9yI9szLebGW9JR/OAwMZ+vkeHVhpcZBvRWTce5IA7mfZorY2KhzP+SEjz4F5q5+fFr6GzHzm/gxvQ==}
    engines: {node: '>= 12'}
    cpu: [arm64]
    os: [darwin]

  '@yuuang/ffi-rs-darwin-x64@1.3.4':
    resolution: {integrity: sha512-JuEPUOsE7qz6o4kSKgX+KymzSFUvyafpGykVbvm9+11Gx/fQy1lzrYkg2VdI70ctM3mjWARGpcaVZlCyPZVRvg==}
    engines: {node: '>= 12'}
    cpu: [x64]
    os: [darwin]

  '@yuuang/ffi-rs-linux-arm-gnueabihf@1.3.4':
    resolution: {integrity: sha512-9Alv4r8uZ/kZN6PKqIUoqrtWcpOD/iq3R/w31dEM2aQ8XaftZVD5oANO8IP9lFROb8QmJwDpyW1mfG1GQ0WJjA==}
    engines: {node: '>= 12'}
    cpu: [arm]
    os: [linux]

  '@yuuang/ffi-rs-linux-arm64-gnu@1.3.4':
    resolution: {integrity: sha512-iconeq2sjAgPn9RyLhfnjawaepeaj8o9EdSI4fg3y92dr0Tbjkr2KjNREgloLN1Jw5BGPt89/sJsDqBWLZP8Rg==}
    engines: {node: '>= 12'}
    cpu: [arm64]
    os: [linux]
    libc: [glibc]

  '@yuuang/ffi-rs-linux-arm64-musl@1.3.4':
    resolution: {integrity: sha512-ptjhnk2M0QTWaKq59wCR4mZ6LeRFOEXmsybp/SOHn5OZ8XYZLnv5FqSGHLPeJp2WvwzhS8SNjn/A2XmHfF3vow==}
    engines: {node: '>= 12'}
    cpu: [arm64]
    os: [linux]
    libc: [musl]

  '@yuuang/ffi-rs-linux-x64-gnu@1.3.4':
    resolution: {integrity: sha512-TM0nfjruTuipNbksyV3iKvMKFeIHNI15tpPuqOzndcVi1Ms1I4tEAyi0gYTFjXUtcjSwBdjhztmIYphStRLVug==}
    engines: {node: '>= 12'}
    cpu: [x64]
    os: [linux]
    libc: [glibc]

  '@yuuang/ffi-rs-linux-x64-musl@1.3.4':
    resolution: {integrity: sha512-aKPSWXoEutWw8et4dhp4tq3x7FOg3C2mBT4gJr/cJxE/vcGxFKCsg3HjKNi3D1BwSZqh0bGuniZCFrde2DpkkA==}
    engines: {node: '>= 12'}
    cpu: [x64]
    os: [linux]
    libc: [musl]

  '@yuuang/ffi-rs-win32-arm64-msvc@1.3.4':
    resolution: {integrity: sha512-hJndCj9xEosRw9Xn02IwzfXy8tgXvspJT5Qhpld9xXDFZyY0wYKxxO2VZhJNiIuX9vuEUgqeVvfCp5EeTpom1Q==}
    engines: {node: '>= 12'}
    cpu: [arm64]
    os: [win32]

  '@yuuang/ffi-rs-win32-ia32-msvc@1.3.4':
    resolution: {integrity: sha512-tXowkiiq3mdnK8CtgSWKQ1dRLJvF0d1pd4qomIl8Pv1To1SWATZ20lag3sXv19+utdrwInWvCi4NjHDmN92Y1A==}
    engines: {node: '>= 12'}
    cpu: [x64, ia32]
    os: [win32]

  '@yuuang/ffi-rs-win32-x64-msvc@1.3.4':
    resolution: {integrity: sha512-Kxr2Z2EU2Lutl7hBYrs90/s0lQ6OWavscVu62Bx4gckg+DdxZaQuxHRktdL5ITH7tdUewj3OqkcUNZXCvGCe0Q==}
    engines: {node: '>= 12'}
    cpu: [x64]
    os: [win32]

  fast-string-truncated-width@3.0.3:
    resolution: {integrity: sha512-0jjjIEL6+0jag3l2XWWizO64/aZVtpiGE3t0Zgqxv0DPuxiMjvB3M24fCyhZUO4KomJQPj3LTSUnDP3GpdwC0g==}

  fast-string-width@3.0.2:
    resolution: {integrity: sha512-gX8LrtNEI5hq8DVUfRQMbr5lpaS4nMIWV+7XEbXk2b8kiQIizgnlr12B4dA3ZEx3308ze0O4Q1R+cHts8kyUJg==}

  fast-wrap-ansi@0.2.2:
    resolution: {integrity: sha512-7F2Fl+TjRSenLqlU3UjSH0iyqopqoZIu7eZVpEirP2g1GtWa2G/ecEmBdgz31+Mxr+ELclgg6sokpSFIQiZ02Q==}

  ffi-rs@1.3.4:
    resolution: {integrity: sha512-rUX011WXszmHHmu/HO5CZQCscU+poR4tPrrTO+M1ePbq2QIptpklpr/Fujc8GBuILNXBdxVRsn+Kfp3uihsHFw==}

  picocolors@1.1.1:
    resolution: {integrity: sha512-xceH2snhtb5M9liqDsmEw56le376mTZkEX/jEb/RxNFyegNul7eNslCXP9FDj/Lcu0X8KEyMceP2ntpaHrDEVA==}

  sisteransi@1.0.5:
    resolution: {integrity: sha512-bLGGlR1QxBcynn2d5YmDX4MGjlZvy2MRBDRNHLJ8VI6l6+9FUiyTFNJ0IveOSP0bcXgVDPRcfGqA0pjaqUpfVg==}

  typescript@7.0.2:
    resolution: {integrity: sha512-8FYau96o3NKOhbjKi/qNvG/W5jhzxkbdm5sj9AbZ/5T5sWqn3hJgLfGx27sRKZWTvyzCP8dLRBTf5tBTSRVUNA==}
    engines: {node: '>=16.20.0'}
    hasBin: true

  undici-types@8.3.0:
    resolution: {integrity: sha512-j375ScV60dom+YkPFIfTLcOiPxkN/buHz5GobjLhixFuANaNs3C9l4GmrWqejgXWJ7BbJcFYpTEUkS1Ge8bpZQ==}

snapshots:

  '@clack/core@1.4.3':
    dependencies:
      fast-wrap-ansi: 0.2.2
      sisteransi: 1.0.5

  '@clack/prompts@1.7.0':
    dependencies:
      '@clack/core': 1.4.3
      fast-string-width: 3.0.2
      fast-wrap-ansi: 0.2.2
      sisteransi: 1.0.5

  '@ff-labs/fff-bin-android-arm64@0.10.1':
    optional: true

  '@ff-labs/fff-bin-darwin-arm64@0.10.1':
    optional: true

  '@ff-labs/fff-bin-darwin-x64@0.10.1':
    optional: true

  '@ff-labs/fff-bin-linux-arm64-gnu@0.10.1':
    optional: true

  '@ff-labs/fff-bin-linux-arm64-musl@0.10.1':
    optional: true

  '@ff-labs/fff-bin-linux-x64-gnu@0.10.1':
    optional: true

  '@ff-labs/fff-bin-linux-x64-musl@0.10.1':
    optional: true

  '@ff-labs/fff-bin-win32-arm64@0.10.1':
    optional: true

  '@ff-labs/fff-bin-win32-x64@0.10.1':
    optional: true

  '@ff-labs/fff-node@0.10.1':
    dependencies:
      ffi-rs: 1.3.4
    optionalDependencies:
      '@ff-labs/fff-bin-android-arm64': 0.10.1
      '@ff-labs/fff-bin-darwin-arm64': 0.10.1
      '@ff-labs/fff-bin-darwin-x64': 0.10.1
      '@ff-labs/fff-bin-linux-arm64-gnu': 0.10.1
      '@ff-labs/fff-bin-linux-arm64-musl': 0.10.1
      '@ff-labs/fff-bin-linux-x64-gnu': 0.10.1
      '@ff-labs/fff-bin-linux-x64-musl': 0.10.1
      '@ff-labs/fff-bin-win32-arm64': 0.10.1
      '@ff-labs/fff-bin-win32-x64': 0.10.1

  '@types/node@26.1.2':
    dependencies:
      undici-types: 8.3.0

  '@typescript/typescript-aix-ppc64@7.0.2':
    optional: true

  '@typescript/typescript-darwin-arm64@7.0.2':
    optional: true

  '@typescript/typescript-darwin-x64@7.0.2':
    optional: true

  '@typescript/typescript-freebsd-arm64@7.0.2':
    optional: true

  '@typescript/typescript-freebsd-x64@7.0.2':
    optional: true

  '@typescript/typescript-linux-arm64@7.0.2':
    optional: true

  '@typescript/typescript-linux-arm@7.0.2':
    optional: true

  '@typescript/typescript-linux-loong64@7.0.2':
    optional: true

  '@typescript/typescript-linux-mips64el@7.0.2':
    optional: true

  '@typescript/typescript-linux-ppc64@7.0.2':
    optional: true

  '@typescript/typescript-linux-riscv64@7.0.2':
    optional: true

  '@typescript/typescript-linux-s390x@7.0.2':
    optional: true

  '@typescript/typescript-linux-x64@7.0.2':
    optional: true

  '@typescript/typescript-netbsd-arm64@7.0.2':
    optional: true

  '@typescript/typescript-netbsd-x64@7.0.2':
    optional: true

  '@typescript/typescript-openbsd-arm64@7.0.2':
    optional: true

  '@typescript/typescript-openbsd-x64@7.0.2':
    optional: true

  '@typescript/typescript-sunos-x64@7.0.2':
    optional: true

  '@typescript/typescript-win32-arm64@7.0.2':
    optional: true

  '@typescript/typescript-win32-x64@7.0.2':
    optional: true

  '@yuuang/ffi-rs-android-arm64@1.3.4':
    optional: true

  '@yuuang/ffi-rs-darwin-arm64@1.3.4':
    optional: true

  '@yuuang/ffi-rs-darwin-x64@1.3.4':
    optional: true

  '@yuuang/ffi-rs-linux-arm-gnueabihf@1.3.4':
    optional: true

  '@yuuang/ffi-rs-linux-arm64-gnu@1.3.4':
    optional: true

  '@yuuang/ffi-rs-linux-arm64-musl@1.3.4':
    optional: true

  '@yuuang/ffi-rs-linux-x64-gnu@1.3.4':
    optional: true

  '@yuuang/ffi-rs-linux-x64-musl@1.3.4':
    optional: true

  '@yuuang/ffi-rs-win32-arm64-msvc@1.3.4':
    optional: true

  '@yuuang/ffi-rs-win32-ia32-msvc@1.3.4':
    optional: true

  '@yuuang/ffi-rs-win32-x64-msvc@1.3.4':
    optional: true

  fast-string-truncated-width@3.0.3: {}

  fast-string-width@3.0.2:
    dependencies:
      fast-string-truncated-width: 3.0.3

  fast-wrap-ansi@0.2.2:
    dependencies:
      fast-string-width: 3.0.2

  ffi-rs@1.3.4:
    optionalDependencies:
      '@yuuang/ffi-rs-android-arm64': 1.3.4
      '@yuuang/ffi-rs-darwin-arm64': 1.3.4
      '@yuuang/ffi-rs-darwin-x64': 1.3.4
      '@yuuang/ffi-rs-linux-arm-gnueabihf': 1.3.4
      '@yuuang/ffi-rs-linux-arm64-gnu': 1.3.4
      '@yuuang/ffi-rs-linux-arm64-musl': 1.3.4
      '@yuuang/ffi-rs-linux-x64-gnu': 1.3.4
      '@yuuang/ffi-rs-linux-x64-musl': 1.3.4
      '@yuuang/ffi-rs-win32-arm64-msvc': 1.3.4
      '@yuuang/ffi-rs-win32-ia32-msvc': 1.3.4
      '@yuuang/ffi-rs-win32-x64-msvc': 1.3.4

  picocolors@1.1.1: {}

  sisteransi@1.0.5: {}

  typescript@7.0.2:
    optionalDependencies:
      '@typescript/typescript-aix-ppc64': 7.0.2
      '@typescript/typescript-darwin-arm64': 7.0.2
      '@typescript/typescript-darwin-x64': 7.0.2
      '@typescript/typescript-freebsd-arm64': 7.0.2
      '@typescript/typescript-freebsd-x64': 7.0.2
      '@typescript/typescript-linux-arm': 7.0.2
      '@typescript/typescript-linux-arm64': 7.0.2
      '@typescript/typescript-linux-loong64': 7.0.2
      '@typescript/typescript-linux-mips64el': 7.0.2
      '@typescript/typescript-linux-ppc64': 7.0.2
      '@typescript/typescript-linux-riscv64': 7.0.2
      '@typescript/typescript-linux-s390x': 7.0.2
      '@typescript/typescript-linux-x64': 7.0.2
      '@typescript/typescript-netbsd-arm64': 7.0.2
      '@typescript/typescript-netbsd-x64': 7.0.2
      '@typescript/typescript-openbsd-arm64': 7.0.2
      '@typescript/typescript-openbsd-x64': 7.0.2
      '@typescript/typescript-sunos-x64': 7.0.2
      '@typescript/typescript-win32-arm64': 7.0.2
      '@typescript/typescript-win32-x64': 7.0.2

  undici-types@8.3.0: {}
